
Microsoft Visual Studio Solution File, Format Version 12.00
# Visual Studio 15
VisualStudioVersion = 15.0.26730.16
MinimumVisualStudioVersion = 10.0.40219.1
Project("{FAE04EC0-301F-11D3-BF4B-00C04F79EFBC}") = "VMBuilder", "VMBuilder\VMBuilder.csproj", "{E84C24FD-AE02-4FF1-93CD-0F0D03A2DFCA}"
EndProject
Global
	GlobalSection(SolutionConfigurationPlatforms) = preSolution
		Debug|Any CPU = Debug|Any CPU
		Release|Any CPU = Release|Any CPU
	EndGlobalSection
	GlobalSection(ProjectConfigurationPlatforms) = postSolution
		{E84C24FD-AE02-4FF1-93CD-0F0D03A2DFCA}.Debug|Any CPU.ActiveCfg = Debug|Any CPU
		{E84C24FD-AE02-4FF1-93CD-0F0D03A2DFCA}.Debug|Any CPU.Build.0 = Debug|Any CPU
		{E84C24FD-AE02-4FF1-93CD-0F0D03A2DFCA}.Release|Any CPU.ActiveCfg = Release|Any CPU
		{E84C24FD-AE02-4FF1-93CD-0F0D03A2DFCA}.Release|Any CPU.Build.0 = Release|Any CPU
	EndGlobalSection
	GlobalSection(SolutionProperties) = preSolution
		HideSolutionNode = FALSE
	EndGlobalSection
	GlobalSection(ExtensibilityGlobals) = postSolution
		SolutionGuid = {87FD0C4F-BED5-4377-81AF-5A89BC64874F}
	EndGlobalSection
EndGlobal
